
Microsoft Visual Studio Solution File, Format Version 12.00
# Visual Studio 14
VisualStudioVersion = 14.0.25420.1
MinimumVisualStudioVersion = 10.0.40219.1
Project("{FAE04EC0-301F-11D3-BF4B-00C04F79EFBC}") = "myApp", "myApp\myApp\myApp.csproj", "{9C0B9390-51D9-4AEF-8EA0-7E8C8FBD7F1E}"
EndProject
Project("{FAE04EC0-301F-11D3-BF4B-00C04F79EFBC}") = "myApp.Droid", "myApp\myApp.Droid\myApp.Droid.csproj", "{0829DAF6-6E4F-4AE5-885C-D1C46173AA77}"
EndProject
Project("{FAE04EC0-301F-11D3-BF4B-00C04F79EFBC}") = "myApp.iOS", "myApp\myApp.iOS\myApp.iOS.csproj", "{7983E2DA-DAA7-4764-95C6-60921728F0C0}"
EndProject
Project("{FAE04EC0-301F-11D3-BF4B-00C04F79EFBC}") = "myApp.WinPhone", "myApp\myApp.WinPhone\myApp.WinPhone.csproj", "{E8F8923E-A157-4C47-B7A9-77ED76ABD31F}"
EndProject
Project("{FAE04EC0-301F-11D3-BF4B-00C04F79EFBC}") = "myApp.UWP", "myApp\myApp.UWP\myApp.UWP.csproj", "{E466DB7E-84AB-4203-9CA6-6CA65816699B}"
EndProject
Project("{FAE04EC0-301F-11D3-BF4B-00C04F79EFBC}") = "myApp.Windows", "myApp\myApp.Windows\myApp.Windows.csproj", "{F74530A5-ADD9-4E3C-A26D-DCBF9A18DA27}"
EndProject
Global
	GlobalSection(SolutionConfigurationPlatforms) = preSolution
		Ad-Hoc|Any CPU = Ad-Hoc|Any CPU
		Ad-Hoc|ARM = Ad-Hoc|ARM
		Ad-Hoc|iPhone = Ad-Hoc|iPhone
		Ad-Hoc|iPhoneSimulator = Ad-Hoc|iPhoneSimulator
		Ad-Hoc|x64 = Ad-Hoc|x64
		Ad-Hoc|x86 = Ad-Hoc|x86
		AppStore|Any CPU = AppStore|Any CPU
		AppStore|ARM = AppStore|ARM
		AppStore|iPhone = AppStore|iPhone
		AppStore|iPhoneSimulator = AppStore|iPhoneSimulator
		AppStore|x64 = AppStore|x64
		AppStore|x86 = AppStore|x86
		Debug|Any CPU = Debug|Any CPU
		Debug|ARM = Debug|ARM
		Debug|iPhone = Debug|iPhone
		Debug|iPhoneSimulator = Debug|iPhoneSimulator
		Debug|x64 = Debug|x64
		Debug|x86 = Debug|x86
		Release|Any CPU = Release|Any CPU
		Release|ARM = Release|ARM
		Release|iPhone = Release|iPhone
		Release|iPhoneSimulator = Release|iPhoneSimulator
		Release|x64 = Release|x64
		Release|x86 = Release|x86
	EndGlobalSection
	GlobalSection(ProjectConfigurationPlatforms) = postSolution
		{9C0B9390-51D9-4AEF-8EA0-7E8C8FBD7F1E}.Ad-Hoc|Any CPU.ActiveCfg = Release|Any CPU
		{9C0B9390-51D9-4AEF-8EA0-7E8C8FBD7F1E}.Ad-Hoc|Any CPU.Build.0 = Release|Any CPU
		{9C0B9390-51D9-4AEF-8EA0-7E8C8FBD7F1E}.Ad-Hoc|ARM.ActiveCfg = Release|Any CPU
		{9C0B9390-51D9-4AEF-8EA0-7E8C8FBD7F1E}.Ad-Hoc|ARM.Build.0 = Release|Any CPU
		{9C0B9390-51D9-4AEF-8EA0-7E8C8FBD7F1E}.Ad-Hoc|iPhone.ActiveCfg = Release|Any CPU
		{9C0B9390-51D9-4AEF-8EA0-7E8C8FBD7F1E}.Ad-Hoc|iPhone.Build.0 = Release|Any CPU
		{9C0B9390-51D9-4AEF-8EA0-7E8C8FBD7F1E}.Ad-Hoc|iPhoneSimulator.ActiveCfg = Release|Any CPU
		{9C0B9390-51D9-4AEF-8EA0-7E8C8FBD7F1E}.Ad-Hoc|iPhoneSimulator.Build.0 = Release|Any CPU
		{9C0B9390-51D9-4AEF-8EA0-7E8C8FBD7F1E}.Ad-Hoc|x64.ActiveCfg = Release|Any CPU
		{9C0B9390-51D9-4AEF-8EA0-7E8C8FBD7F1E}.Ad-Hoc|x64.Build.0 = Release|Any CPU
		{9C0B9390-51D9-4AEF-8EA0-7E8C8FBD7F1E}.Ad-Hoc|x86.ActiveCfg = Release|Any CPU
		{9C0B9390-51D9-4AEF-8EA0-7E8C8FBD7F1E}.Ad-Hoc|x86.Build.0 = Release|Any CPU
		{9C0B9390-51D9-4AEF-8EA0-7E8C8FBD7F1E}.AppStore|Any CPU.ActiveCfg = Release|Any CPU
		{9C0B9390-51D9-4AEF-8EA0-7E8C8FBD7F1E}.AppStore|Any CPU.Build.0 = Release|Any CPU
		{9C0B9390-51D9-4AEF-8EA0-7E8C8FBD7F1E}.AppStore|ARM.ActiveCfg = Release|Any CPU
		{9C0B9390-51D9-4AEF-8EA0-7E8C8FBD7F1E}.AppStore|ARM.Build.0 = Release|Any CPU
		{9C0B9390-51D9-4AEF-8EA0-7E8C8FBD7F1E}.AppStore|iPhone.ActiveCfg = Release|Any CPU
		{9C0B9390-51D9-4AEF-8EA0-7E8C8FBD7F1E}.AppStore|iPhone.Build.0 = Release|Any CPU
		{9C0B9390-51D9-4AEF-8EA0-7E8C8FBD7F1E}.AppStore|iPhoneSimulator.ActiveCfg = Release|Any CPU
		{9C0B9390-51D9-4AEF-8EA0-7E8C8FBD7F1E}.AppStore|iPhoneSimulator.Build.0 = Release|Any CPU
		{9C0B9390-51D9-4AEF-8EA0-7E8C8FBD7F1E}.AppStore|x64.ActiveCfg = Release|Any CPU
		{9C0B9390-51D9-4AEF-8EA0-7E8C8FBD7F1E}.AppStore|x64.Build.0 = Release|Any CPU
		{9C0B9390-51D9-4AEF-8EA0-7E8C8FBD7F1E}.AppStore|x86.ActiveCfg = Release|Any CPU
		{9C0B9390-51D9-4AEF-8EA0-7E8C8FBD7F1E}.AppStore|x86.Build.0 = Release|Any CPU
		{9C0B9390-51D9-4AEF-8EA0-7E8C8FBD7F1E}.Debug|Any CPU.ActiveCfg = Debug|Any CPU
		{9C0B9390-51D9-4AEF-8EA0-7E8C8FBD7F1E}.Debug|Any CPU.Build.0 = Debug|Any CPU
		{9C0B9390-51D9-4AEF-8EA0-7E8C8FBD7F1E}.Debug|ARM.ActiveCfg = Debug|Any CPU
		{9C0B9390-51D9-4AEF-8EA0-7E8C8FBD7F1E}.Debug|ARM.Build.0 = Debug|Any CPU
		{9C0B9390-51D9-4AEF-8EA0-7E8C8FBD7F1E}.Debug|iPhone.ActiveCfg = Debug|Any CPU
		{9C0B9390-51D9-4AEF-8EA0-7E8C8FBD7F1E}.Debug|iPhone.Build.0 = Debug|Any CPU
		{9C0B9390-51D9-4AEF-8EA0-7E8C8FBD7F1E}.Debug|iPhoneSimulator.ActiveCfg = Debug|Any CPU
		{9C0B9390-51D9-4AEF-8EA0-7E8C8FBD7F1E}.Debug|iPhoneSimulator.Build.0 = Debug|Any CPU
		{9C0B9390-51D9-4AEF-8EA0-7E8C8FBD7F1E}.Debug|x64.ActiveCfg = Debug|Any CPU
		{9C0B9390-51D9-4AEF-8EA0-7E8C8FBD7F1E}.Debug|x64.Build.0 = Debug|Any CPU
		{9C0B9390-51D9-4AEF-8EA0-7E8C8FBD7F1E}.Debug|x86.ActiveCfg = Debug|Any CPU
		{9C0B9390-51D9-4AEF-8EA0-7E8C8FBD7F1E}.Debug|x86.Build.0 = Debug|Any CPU
		{9C0B9390-51D9-4AEF-8EA0-7E8C8FBD7F1E}.Release|Any CPU.ActiveCfg = Release|Any CPU
		{9C0B9390-51D9-4AEF-8EA0-7E8C8FBD7F1E}.Release|Any CPU.Build.0 = Release|Any CPU
		{9C0B9390-51D9-4AEF-8EA0-7E8C8FBD7F1E}.Release|ARM.ActiveCfg = Release|Any CPU
		{9C0B9390-51D9-4AEF-8EA0-7E8C8FBD7F1E}.Release|ARM.Build.0 = Release|Any CPU
		{9C0B9390-51D9-4AEF-8EA0-7E8C8FBD7F1E}.Release|iPhone.ActiveCfg = Release|Any CPU
		{9C0B9390-51D9-4AEF-8EA0-7E8C8FBD7F1E}.Release|iPhone.Build.0 = Release|Any CPU
		{9C0B9390-51D9-4AEF-8EA0-7E8C8FBD7F1E}.Release|iPhoneSimulator.ActiveCfg = Release|Any CPU
		{9C0B9390-51D9-4AEF-8EA0-7E8C8FBD7F1E}.Release|iPhoneSimulator.Build.0 = Release|Any CPU
		{9C0B9390-51D9-4AEF-8EA0-7E8C8FBD7F1E}.Release|x64.ActiveCfg = Release|Any CPU
		{9C0B9390-51D9-4AEF-8EA0-7E8C8FBD7F1E}.Release|x64.Build.0 = Release|Any CPU
		{9C0B9390-51D9-4AEF-8EA0-7E8C8FBD7F1E}.Release|x86.ActiveCfg = Release|Any CPU
		{9C0B9390-51D9-4AEF-8EA0-7E8C8FBD7F1E}.Release|x86.Build.0 = Release|Any CPU
		{0829DAF6-6E4F-4AE5-885C-D1C46173AA77}.Ad-Hoc|Any CPU.ActiveCfg = Release|Any CPU
		{0829DAF6-6E4F-4AE5-885C-D1C46173AA77}.Ad-Hoc|Any CPU.Build.0 = Release|Any CPU
		{0829DAF6-6E4F-4AE5-885C-D1C46173AA77}.Ad-Hoc|Any CPU.Deploy.0 = Release|Any CPU
		{0829DAF6-6E4F-4AE5-885C-D1C46173AA77}.Ad-Hoc|ARM.ActiveCfg = Release|Any CPU
		{0829DAF6-6E4F-4AE5-885C-D1C46173AA77}.Ad-Hoc|ARM.Build.0 = Release|Any CPU
		{0829DAF6-6E4F-4AE5-885C-D1C46173AA77}.Ad-Hoc|ARM.Deploy.0 = Release|Any CPU
		{0829DAF6-6E4F-4AE5-885C-D1C46173AA77}.Ad-Hoc|iPhone.ActiveCfg = Release|Any CPU
		{0829DAF6-6E4F-4AE5-885C-D1C46173AA77}.Ad-Hoc|iPhone.Build.0 = Release|Any CPU
		{0829DAF6-6E4F-4AE5-885C-D1C46173AA77}.Ad-Hoc|iPhone.Deploy.0 = Release|Any CPU
		{0829DAF6-6E4F-4AE5-885C-D1C46173AA77}.Ad-Hoc|iPhoneSimulator.ActiveCfg = Release|Any CPU
		{0829DAF6-6E4F-4AE5-885C-D1C46173AA77}.Ad-Hoc|iPhoneSimulator.Build.0 = Release|Any CPU
		{0829DAF6-6E4F-4AE5-885C-D1C46173AA77}.Ad-Hoc|iPhoneSimulator.Deploy.0 = Release|Any CPU
		{0829DAF6-6E4F-4AE5-885C-D1C46173AA77}.Ad-Hoc|x64.ActiveCfg = Release|Any CPU
		{0829DAF6-6E4F-4AE5-885C-D1C46173AA77}.Ad-Hoc|x64.Build.0 = Release|Any CPU
		{0829DAF6-6E4F-4AE5-885C-D1C46173AA77}.Ad-Hoc|x64.Deploy.0 = Release|Any CPU
		{0829DAF6-6E4F-4AE5-885C-D1C46173AA77}.Ad-Hoc|x86.ActiveCfg = Release|Any CPU
		{0829DAF6-6E4F-4AE5-885C-D1C46173AA77}.Ad-Hoc|x86.Build.0 = Release|Any CPU
		{0829DAF6-6E4F-4AE5-885C-D1C46173AA77}.Ad-Hoc|x86.Deploy.0 = Release|Any CPU
		{0829DAF6-6E4F-4AE5-885C-D1C46173AA77}.AppStore|Any CPU.ActiveCfg = Release|Any CPU
		{0829DAF6-6E4F-4AE5-885C-D1C46173AA77}.AppStore|Any CPU.Build.0 = Release|Any CPU
		{0829DAF6-6E4F-4AE5-885C-D1C46173AA77}.AppStore|Any CPU.Deploy.0 = Release|Any CPU
		{0829DAF6-6E4F-4AE5-885C-D1C46173AA77}.AppStore|ARM.ActiveCfg = Release|Any CPU
		{0829DAF6-6E4F-4AE5-885C-D1C46173AA77}.AppStore|ARM.Build.0 = Release|Any CPU
		{0829DAF6-6E4F-4AE5-885C-D1C46173AA77}.AppStore|ARM.Deploy.0 = Release|Any CPU
		{0829DAF6-6E4F-4AE5-885C-D1C46173AA77}.AppStore|iPhone.ActiveCfg = Release|Any CPU
		{0829DAF6-6E4F-4AE5-885C-D1C46173AA77}.AppStore|iPhone.Build.0 = Release|Any CPU
		{0829DAF6-6E4F-4AE5-885C-D1C46173AA77}.AppStore|iPhone.Deploy.0 = Release|Any CPU
		{0829DAF6-6E4F-4AE5-885C-D1C46173AA77}.AppStore|iPhoneSimulator.ActiveCfg = Release|Any CPU
		{0829DAF6-6E4F-4AE5-885C-D1C46173AA77}.AppStore|iPhoneSimulator.Build.0 = Release|Any CPU
		{0829DAF6-6E4F-4AE5-885C-D1C46173AA77}.AppStore|iPhoneSimulator.Deploy.0 = Release|Any CPU
		{0829DAF6-6E4F-4AE5-885C-D1C46173AA77}.AppStore|x64.ActiveCfg = Release|Any CPU
		{0829DAF6-6E4F-4AE5-885C-D1C46173AA77}.AppStore|x64.Build.0 = Release|Any CPU
		{0829DAF6-6E4F-4AE5-885C-D1C46173AA77}.AppStore|x64.Deploy.0 = Release|Any CPU
		{0829DAF6-6E4F-4AE5-885C-D1C46173AA77}.AppStore|x86.ActiveCfg = Release|Any CPU
		{0829DAF6-6E4F-4AE5-885C-D1C46173AA77}.AppStore|x86.Build.0 = Release|Any CPU
		{0829DAF6-6E4F-4AE5-885C-D1C46173AA77}.AppStore|x86.Deploy.0 = Release|Any CPU
		{0829DAF6-6E4F-4AE5-885C-D1C46173AA77}.Debug|Any CPU.ActiveCfg = Debug|Any CPU
		{0829DAF6-6E4F-4AE5-885C-D1C46173AA77}.Debug|Any CPU.Build.0 = Debug|Any CPU
		{0829DAF6-6E4F-4AE5-885C-D1C46173AA77}.Debug|Any CPU.Deploy.0 = Debug|Any CPU
		{0829DAF6-6E4F-4AE5-885C-D1C46173AA77}.Debug|ARM.ActiveCfg = Debug|Any CPU
		{0829DAF6-6E4F-4AE5-885C-D1C46173AA77}.Debug|ARM.Build.0 = Debug|Any CPU
		{0829DAF6-6E4F-4AE5-885C-D1C46173AA77}.Debug|ARM.Deploy.0 = Debug|Any CPU
		{0829DAF6-6E4F-4AE5-885C-D1C46173AA77}.Debug|iPhone.ActiveCfg = Debug|Any CPU
		{0829DAF6-6E4F-4AE5-885C-D1C46173AA77}.Debug|iPhone.Build.0 = Debug|Any CPU
		{0829DAF6-6E4F-4AE5-885C-D1C46173AA77}.Debug|iPhone.Deploy.0 = Debug|Any CPU
		{0829DAF6-6E4F-4AE5-885C-D1C46173AA77}.Debug|iPhoneSimulator.ActiveCfg = Debug|Any CPU
		{0829DAF6-6E4F-4AE5-885C-D1C46173AA77}.Debug|iPhoneSimulator.Build.0 = Debug|Any CPU
		{0829DAF6-6E4F-4AE5-885C-D1C46173AA77}.Debug|iPhoneSimulator.Deploy.0 = Debug|Any CPU
		{0829DAF6-6E4F-4AE5-885C-D1C46173AA77}.Debug|x64.ActiveCfg = Debug|Any CPU
		{0829DAF6-6E4F-4AE5-885C-D1C46173AA77}.Debug|x64.Build.0 = Debug|Any CPU
		{0829DAF6-6E4F-4AE5-885C-D1C46173AA77}.Debug|x64.Deploy.0 = Debug|Any CPU
		{0829DAF6-6E4F-4AE5-885C-D1C46173AA77}.Debug|x86.ActiveCfg = Debug|Any CPU
		{0829DAF6-6E4F-4AE5-885C-D1C46173AA77}.Debug|x86.Build.0 = Debug|Any CPU
		{0829DAF6-6E4F-4AE5-885C-D1C46173AA77}.Debug|x86.Deploy.0 = Debug|Any CPU
		{0829DAF6-6E4F-4AE5-885C-D1C46173AA77}.Release|Any CPU.ActiveCfg = Release|Any CPU
		{0829DAF6-6E4F-4AE5-885C-D1C46173AA77}.Release|Any CPU.Build.0 = Release|Any CPU
		{0829DAF6-6E4F-4AE5-885C-D1C46173AA77}.Release|Any CPU.Deploy.0 = Release|Any CPU
		{0829DAF6-6E4F-4AE5-885C-D1C46173AA77}.Release|ARM.ActiveCfg = Release|Any CPU
		{0829DAF6-6E4F-4AE5-885C-D1C46173AA77}.Release|ARM.Build.0 = Release|Any CPU
		{0829DAF6-6E4F-4AE5-885C-D1C46173AA77}.Release|ARM.Deploy.0 = Release|Any CPU
		{0829DAF6-6E4F-4AE5-885C-D1C46173AA77}.Release|iPhone.ActiveCfg = Release|Any CPU
		{0829DAF6-6E4F-4AE5-885C-D1C46173AA77}.Release|iPhone.Build.0 = Release|Any CPU
		{0829DAF6-6E4F-4AE5-885C-D1C46173AA77}.Release|iPhone.Deploy.0 = Release|Any CPU
		{0829DAF6-6E4F-4AE5-885C-D1C46173AA77}.Release|iPhoneSimulator.ActiveCfg = Release|Any CPU
		{0829DAF6-6E4F-4AE5-885C-D1C46173AA77}.Release|iPhoneSimulator.Build.0 = Release|Any CPU
		{0829DAF6-6E4F-4AE5-885C-D1C46173AA77}.Release|iPhoneSimulator.Deploy.0 = Release|Any CPU
		{0829DAF6-6E4F-4AE5-885C-D1C46173AA77}.Release|x64.ActiveCfg = Release|Any CPU
		{0829DAF6-6E4F-4AE5-885C-D1C46173AA77}.Release|x64.Build.0 = Release|Any CPU
		{0829DAF6-6E4F-4AE5-885C-D1C46173AA77}.Release|x64.Deploy.0 = Release|Any CPU
		{0829DAF6-6E4F-4AE5-885C-D1C46173AA77}.Release|x86.ActiveCfg = Release|Any CPU
		{0829DAF6-6E4F-4AE5-885C-D1C46173AA77}.Release|x86.Build.0 = Release|Any CPU
		{0829DAF6-6E4F-4AE5-885C-D1C46173AA77}.Release|x86.Deploy.0 = Release|Any CPU
		{7983E2DA-DAA7-4764-95C6-60921728F0C0}.Ad-Hoc|Any CPU.ActiveCfg = Ad-Hoc|iPhone
		{7983E2DA-DAA7-4764-95C6-60921728F0C0}.Ad-Hoc|ARM.ActiveCfg = Ad-Hoc|iPhone
		{7983E2DA-DAA7-4764-95C6-60921728F0C0}.Ad-Hoc|iPhone.ActiveCfg = Ad-Hoc|iPhone
		{7983E2DA-DAA7-4764-95C6-60921728F0C0}.Ad-Hoc|iPhone.Build.0 = Ad-Hoc|iPhone
		{7983E2DA-DAA7-4764-95C6-60921728F0C0}.Ad-Hoc|iPhoneSimulator.ActiveCfg = Ad-Hoc|iPhoneSimulator
		{7983E2DA-DAA7-4764-95C6-60921728F0C0}.Ad-Hoc|iPhoneSimulator.Build.0 = Ad-Hoc|iPhoneSimulator
		{7983E2DA-DAA7-4764-95C6-60921728F0C0}.Ad-Hoc|x64.ActiveCfg = Ad-Hoc|iPhone
		{7983E2DA-DAA7-4764-95C6-60921728F0C0}.Ad-Hoc|x86.ActiveCfg = Ad-Hoc|iPhone
		{7983E2DA-DAA7-4764-95C6-60921728F0C0}.AppStore|Any CPU.ActiveCfg = AppStore|iPhone
		{7983E2DA-DAA7-4764-95C6-60921728F0C0}.AppStore|ARM.ActiveCfg = AppStore|iPhone
		{7983E2DA-DAA7-4764-95C6-60921728F0C0}.AppStore|iPhone.ActiveCfg = AppStore|iPhone
		{7983E2DA-DAA7-4764-95C6-60921728F0C0}.AppStore|iPhone.Build.0 = AppStore|iPhone
		{7983E2DA-DAA7-4764-95C6-60921728F0C0}.AppStore|iPhoneSimulator.ActiveCfg = AppStore|iPhoneSimulator
		{7983E2DA-DAA7-4764-95C6-60921728F0C0}.AppStore|iPhoneSimulator.Build.0 = AppStore|iPhoneSimulator
		{7983E2DA-DAA7-4764-95C6-60921728F0C0}.AppStore|x64.ActiveCfg = AppStore|iPhone
		{7983E2DA-DAA7-4764-95C6-60921728F0C0}.AppStore|x86.ActiveCfg = AppStore|iPhone
		{7983E2DA-DAA7-4764-95C6-60921728F0C0}.Debug|Any CPU.ActiveCfg = Debug|iPhone
		{7983E2DA-DAA7-4764-95C6-60921728F0C0}.Debug|ARM.ActiveCfg = Debug|iPhone
		{7983E2DA-DAA7-4764-95C6-60921728F0C0}.Debug|iPhone.ActiveCfg = Debug|iPhone
		{7983E2DA-DAA7-4764-95C6-60921728F0C0}.Debug|iPhone.Build.0 = Debug|iPhone
		{7983E2DA-DAA7-4764-95C6-60921728F0C0}.Debug|iPhoneSimulator.ActiveCfg = Debug|iPhoneSimulator
		{7983E2DA-DAA7-4764-95C6-60921728F0C0}.Debug|iPhoneSimulator.Build.0 = Debug|iPhoneSimulator
		{7983E2DA-DAA7-4764-95C6-60921728F0C0}.Debug|x64.ActiveCfg = Debug|iPhone
		{7983E2DA-DAA7-4764-95C6-60921728F0C0}.Debug|x86.ActiveCfg = Debug|iPhone
		{7983E2DA-DAA7-4764-95C6-60921728F0C0}.Release|Any CPU.ActiveCfg = Release|iPhone
		{7983E2DA-DAA7-4764-95C6-60921728F0C0}.Release|ARM.ActiveCfg = Release|iPhone
		{7983E2DA-DAA7-4764-95C6-60921728F0C0}.Release|iPhone.ActiveCfg = Release|iPhone
		{7983E2DA-DAA7-4764-95C6-60921728F0C0}.Release|iPhone.Build.0 = Release|iPhone
		{7983E2DA-DAA7-4764-95C6-60921728F0C0}.Release|iPhoneSimulator.ActiveCfg = Release|iPhoneSimulator
		{7983E2DA-DAA7-4764-95C6-60921728F0C0}.Release|iPhoneSimulator.Build.0 = Release|iPhoneSimulator
		{7983E2DA-DAA7-4764-95C6-60921728F0C0}.Release|x64.ActiveCfg = Release|iPhone
		{7983E2DA-DAA7-4764-95C6-60921728F0C0}.Release|x86.ActiveCfg = Release|iPhone
		{E8F8923E-A157-4C47-B7A9-77ED76ABD31F}.Ad-Hoc|Any CPU.ActiveCfg = Release|Any CPU
		{E8F8923E-A157-4C47-B7A9-77ED76ABD31F}.Ad-Hoc|Any CPU.Build.0 = Release|Any CPU
		{E8F8923E-A157-4C47-B7A9-77ED76ABD31F}.Ad-Hoc|Any CPU.Deploy.0 = Release|Any CPU
		{E8F8923E-A157-4C47-B7A9-77ED76ABD31F}.Ad-Hoc|ARM.ActiveCfg = Release|ARM
		{E8F8923E-A157-4C47-B7A9-77ED76ABD31F}.Ad-Hoc|ARM.Build.0 = Release|ARM
		{E8F8923E-A157-4C47-B7A9-77ED76ABD31F}.Ad-Hoc|ARM.Deploy.0 = Release|ARM
		{E8F8923E-A157-4C47-B7A9-77ED76ABD31F}.Ad-Hoc|iPhone.ActiveCfg = Release|Any CPU
		{E8F8923E-A157-4C47-B7A9-77ED76ABD31F}.Ad-Hoc|iPhone.Build.0 = Release|Any CPU
		{E8F8923E-A157-4C47-B7A9-77ED76ABD31F}.Ad-Hoc|iPhone.Deploy.0 = Release|Any CPU
		{E8F8923E-A157-4C47-B7A9-77ED76ABD31F}.Ad-Hoc|iPhoneSimulator.ActiveCfg = Release|Any CPU
		{E8F8923E-A157-4C47-B7A9-77ED76ABD31F}.Ad-Hoc|iPhoneSimulator.Build.0 = Release|Any CPU
		{E8F8923E-A157-4C47-B7A9-77ED76ABD31F}.Ad-Hoc|iPhoneSimulator.Deploy.0 = Release|Any CPU
		{E8F8923E-A157-4C47-B7A9-77ED76ABD31F}.Ad-Hoc|x64.ActiveCfg = Release|Any CPU
		{E8F8923E-A157-4C47-B7A9-77ED76ABD31F}.Ad-Hoc|x64.Build.0 = Release|Any CPU
		{E8F8923E-A157-4C47-B7A9-77ED76ABD31F}.Ad-Hoc|x64.Deploy.0 = Release|Any CPU
		{E8F8923E-A157-4C47-B7A9-77ED76ABD31F}.Ad-Hoc|x86.ActiveCfg = Release|x86
		{E8F8923E-A157-4C47-B7A9-77ED76ABD31F}.Ad-Hoc|x86.Build.0 = Release|x86
		{E8F8923E-A157-4C47-B7A9-77ED76ABD31F}.Ad-Hoc|x86.Deploy.0 = Release|x86
		{E8F8923E-A157-4C47-B7A9-77ED76ABD31F}.AppStore|Any CPU.ActiveCfg = Release|Any CPU
		{E8F8923E-A157-4C47-B7A9-77ED76ABD31F}.AppStore|Any CPU.Build.0 = Release|Any CPU
		{E8F8923E-A157-4C47-B7A9-77ED76ABD31F}.AppStore|Any CPU.Deploy.0 = Release|Any CPU
		{E8F8923E-A157-4C47-B7A9-77ED76ABD31F}.AppStore|ARM.ActiveCfg = Release|ARM
		{E8F8923E-A157-4C47-B7A9-77ED76ABD31F}.AppStore|ARM.Build.0 = Release|ARM
		{E8F8923E-A157-4C47-B7A9-77ED76ABD31F}.AppStore|ARM.Deploy.0 = Release|ARM
		{E8F8923E-A157-4C47-B7A9-77ED76ABD31F}.AppStore|iPhone.ActiveCfg = Release|Any CPU
		{E8F8923E-A157-4C47-B7A9-77ED76ABD31F}.AppStore|iPhone.Build.0 = Release|Any CPU
		{E8F8923E-A157-4C47-B7A9-77ED76ABD31F}.AppStore|iPhone.Deploy.0 = Release|Any CPU
		{E8F8923E-A157-4C47-B7A9-77ED76ABD31F}.AppStore|iPhoneSimulator.ActiveCfg = Release|Any CPU
		{E8F8923E-A157-4C47-B7A9-77ED76ABD31F}.AppStore|iPhoneSimulator.Build.0 = Release|Any CPU
		{E8F8923E-A157-4C47-B7A9-77ED76ABD31F}.AppStore|iPhoneSimulator.Deploy.0 = Release|Any CPU
		{E8F8923E-A157-4C47-B7A9-77ED76ABD31F}.AppStore|x64.ActiveCfg = Release|Any CPU
		{E8F8923E-A157-4C47-B7A9-77ED76ABD31F}.AppStore|x64.Build.0 = Release|Any CPU
		{E8F8923E-A157-4C47-B7A9-77ED76ABD31F}.AppStore|x64.Deploy.0 = Release|Any CPU
		{E8F8923E-A157-4C47-B7A9-77ED76ABD31F}.AppStore|x86.ActiveCfg = Release|x86
		{E8F8923E-A157-4C47-B7A9-77ED76ABD31F}.AppStore|x86.Build.0 = Release|x86
		{E8F8923E-A157-4C47-B7A9-77ED76ABD31F}.AppStore|x86.Deploy.0 = Release|x86
		{E8F8923E-A157-4C47-B7A9-77ED76ABD31F}.Debug|Any CPU.ActiveCfg = Debug|Any CPU
		{E8F8923E-A157-4C47-B7A9-77ED76ABD31F}.Debug|Any CPU.Build.0 = Debug|Any CPU
		{E8F8923E-A157-4C47-B7A9-77ED76ABD31F}.Debug|Any CPU.Deploy.0 = Debug|Any CPU
		{E8F8923E-A157-4C47-B7A9-77ED76ABD31F}.Debug|ARM.ActiveCfg = Debug|ARM
		{E8F8923E-A157-4C47-B7A9-77ED76ABD31F}.Debug|ARM.Build.0 = Debug|ARM
		{E8F8923E-A157-4C47-B7A9-77ED76ABD31F}.Debug|ARM.Deploy.0 = Debug|ARM
		{E8F8923E-A157-4C47-B7A9-77ED76ABD31F}.Debug|iPhone.ActiveCfg = Debug|Any CPU
		{E8F8923E-A157-4C47-B7A9-77ED76ABD31F}.Debug|iPhone.Build.0 = Debug|Any CPU
		{E8F8923E-A157-4C47-B7A9-77ED76ABD31F}.Debug|iPhone.Deploy.0 = Debug|Any CPU
		{E8F8923E-A157-4C47-B7A9-77ED76ABD31F}.Debug|iPhoneSimulator.ActiveCfg = Debug|Any CPU
		{E8F8923E-A157-4C47-B7A9-77ED76ABD31F}.Debug|iPhoneSimulator.Build.0 = Debug|Any CPU
		{E8F8923E-A157-4C47-B7A9-77ED76ABD31F}.Debug|iPhoneSimulator.Deploy.0 = Debug|Any CPU
		{E8F8923E-A157-4C47-B7A9-77ED76ABD31F}.Debug|x64.ActiveCfg = Debug|Any CPU
		{E8F8923E-A157-4C47-B7A9-77ED76ABD31F}.Debug|x64.Build.0 = Debug|Any CPU
		{E8F8923E-A157-4C47-B7A9-77ED76ABD31F}.Debug|x64.Deploy.0 = Debug|Any CPU
		{E8F8923E-A157-4C47-B7A9-77ED76ABD31F}.Debug|x86.ActiveCfg = Debug|x86
		{E8F8923E-A157-4C47-B7A9-77ED76ABD31F}.Debug|x86.Build.0 = Debug|x86
		{E8F8923E-A157-4C47-B7A9-77ED76ABD31F}.Debug|x86.Deploy.0 = Debug|x86
		{E8F8923E-A157-4C47-B7A9-77ED76ABD31F}.Release|Any CPU.ActiveCfg = Release|Any CPU
		{E8F8923E-A157-4C47-B7A9-77ED76ABD31F}.Release|Any CPU.Build.0 = Release|Any CPU
		{E8F8923E-A157-4C47-B7A9-77ED76ABD31F}.Release|Any CPU.Deploy.0 = Release|Any CPU
		{E8F8923E-A157-4C47-B7A9-77ED76ABD31F}.Release|ARM.ActiveCfg = Release|ARM
		{E8F8923E-A157-4C47-B7A9-77ED76ABD31F}.Release|ARM.Build.0 = Release|ARM
		{E8F8923E-A157-4C47-B7A9-77ED76ABD31F}.Release|ARM.Deploy.0 = Release|ARM
		{E8F8923E-A157-4C47-B7A9-77ED76ABD31F}.Release|iPhone.ActiveCfg = Release|Any CPU
		{E8F8923E-A157-4C47-B7A9-77ED76ABD31F}.Release|iPhone.Build.0 = Release|Any CPU
		{E8F8923E-A157-4C47-B7A9-77ED76ABD31F}.Release|iPhone.Deploy.0 = Release|Any CPU
		{E8F8923E-A157-4C47-B7A9-77ED76ABD31F}.Release|iPhoneSimulator.ActiveCfg = Release|Any CPU
		{E8F8923E-A157-4C47-B7A9-77ED76ABD31F}.Release|iPhoneSimulator.Build.0 = Release|Any CPU
		{E8F8923E-A157-4C47-B7A9-77ED76ABD31F}.Release|iPhoneSimulator.Deploy.0 = Release|Any CPU
		{E8F8923E-A157-4C47-B7A9-77ED76ABD31F}.Release|x64.ActiveCfg = Release|Any CPU
		{E8F8923E-A157-4C47-B7A9-77ED76ABD31F}.Release|x64.Build.0 = Release|Any CPU
		{E8F8923E-A157-4C47-B7A9-77ED76ABD31F}.Release|x64.Deploy.0 = Release|Any CPU
		{E8F8923E-A157-4C47-B7A9-77ED76ABD31F}.Release|x86.ActiveCfg = Release|x86
		{E8F8923E-A157-4C47-B7A9-77ED76ABD31F}.Release|x86.Build.0 = Release|x86
		{E8F8923E-A157-4C47-B7A9-77ED76ABD31F}.Release|x86.Deploy.0 = Release|x86
		{E466DB7E-84AB-4203-9CA6-6CA65816699B}.Ad-Hoc|Any CPU.ActiveCfg = Release|x86
		{E466DB7E-84AB-4203-9CA6-6CA65816699B}.Ad-Hoc|Any CPU.Build.0 = Release|x86
		{E466DB7E-84AB-4203-9CA6-6CA65816699B}.Ad-Hoc|Any CPU.Deploy.0 = Release|x86
		{E466DB7E-84AB-4203-9CA6-6CA65816699B}.Ad-Hoc|ARM.ActiveCfg = Release|ARM
		{E466DB7E-84AB-4203-9CA6-6CA65816699B}.Ad-Hoc|ARM.Build.0 = Release|ARM
		{E466DB7E-84AB-4203-9CA6-6CA65816699B}.Ad-Hoc|ARM.Deploy.0 = Release|ARM
		{E466DB7E-84AB-4203-9CA6-6CA65816699B}.Ad-Hoc|iPhone.ActiveCfg = Release|x86
		{E466DB7E-84AB-4203-9CA6-6CA65816699B}.Ad-Hoc|iPhone.Build.0 = Release|x86
		{E466DB7E-84AB-4203-9CA6-6CA65816699B}.Ad-Hoc|iPhone.Deploy.0 = Release|x86
		{E466DB7E-84AB-4203-9CA6-6CA65816699B}.Ad-Hoc|iPhoneSimulator.ActiveCfg = Release|x86
		{E466DB7E-84AB-4203-9CA6-6CA65816699B}.Ad-Hoc|iPhoneSimulator.Build.0 = Release|x86
		{E466DB7E-84AB-4203-9CA6-6CA65816699B}.Ad-Hoc|iPhoneSimulator.Deploy.0 = Release|x86
		{E466DB7E-84AB-4203-9CA6-6CA65816699B}.Ad-Hoc|x64.ActiveCfg = Release|x64
		{E466DB7E-84AB-4203-9CA6-6CA65816699B}.Ad-Hoc|x64.Build.0 = Release|x64
		{E466DB7E-84AB-4203-9CA6-6CA65816699B}.Ad-Hoc|x64.Deploy.0 = Release|x64
		{E466DB7E-84AB-4203-9CA6-6CA65816699B}.Ad-Hoc|x86.ActiveCfg = Release|x86
		{E466DB7E-84AB-4203-9CA6-6CA65816699B}.Ad-Hoc|x86.Build.0 = Release|x86
		{E466DB7E-84AB-4203-9CA6-6CA65816699B}.Ad-Hoc|x86.Deploy.0 = Release|x86
		{E466DB7E-84AB-4203-9CA6-6CA65816699B}.AppStore|Any CPU.ActiveCfg = Release|x86
		{E466DB7E-84AB-4203-9CA6-6CA65816699B}.AppStore|Any CPU.Build.0 = Release|x86
		{E466DB7E-84AB-4203-9CA6-6CA65816699B}.AppStore|Any CPU.Deploy.0 = Release|x86
		{E466DB7E-84AB-4203-9CA6-6CA65816699B}.AppStore|ARM.ActiveCfg = Release|ARM
		{E466DB7E-84AB-4203-9CA6-6CA65816699B}.AppStore|ARM.Build.0 = Release|ARM
		{E466DB7E-84AB-4203-9CA6-6CA65816699B}.AppStore|ARM.Deploy.0 = Release|ARM
		{E466DB7E-84AB-4203-9CA6-6CA65816699B}.AppStore|iPhone.ActiveCfg = Release|x86
		{E466DB7E-84AB-4203-9CA6-6CA65816699B}.AppStore|iPhone.Build.0 = Release|x86
		{E466DB7E-84AB-4203-9CA6-6CA65816699B}.AppStore|iPhone.Deploy.0 = Release|x86
		{E466DB7E-84AB-4203-9CA6-6CA65816699B}.AppStore|iPhoneSimulator.ActiveCfg = Release|x86
		{E466DB7E-84AB-4203-9CA6-6CA65816699B}.AppStore|iPhoneSimulator.Build.0 = Release|x86
		{E466DB7E-84AB-4203-9CA6-6CA65816699B}.AppStore|iPhoneSimulator.Deploy.0 = Release|x86
		{E466DB7E-84AB-4203-9CA6-6CA65816699B}.AppStore|x64.ActiveCfg = Release|x64
		{E466DB7E-84AB-4203-9CA6-6CA65816699B}.AppStore|x64.Build.0 = Release|x64
		{E466DB7E-84AB-4203-9CA6-6CA65816699B}.AppStore|x64.Deploy.0 = Release|x64
		{E466DB7E-84AB-4203-9CA6-6CA65816699B}.AppStore|x86.ActiveCfg = Release|x86
		{E466DB7E-84AB-4203-9CA6-6CA65816699B}.AppStore|x86.Build.0 = Release|x86
		{E466DB7E-84AB-4203-9CA6-6CA65816699B}.AppStore|x86.Deploy.0 = Release|x86
		{E466DB7E-84AB-4203-9CA6-6CA65816699B}.Debug|Any CPU.ActiveCfg = Debug|x86
		{E466DB7E-84AB-4203-9CA6-6CA65816699B}.Debug|ARM.ActiveCfg = Debug|ARM
		{E466DB7E-84AB-4203-9CA6-6CA65816699B}.Debug|ARM.Build.0 = Debug|ARM
		{E466DB7E-84AB-4203-9CA6-6CA65816699B}.Debug|ARM.Deploy.0 = Debug|ARM
		{E466DB7E-84AB-4203-9CA6-6CA65816699B}.Debug|iPhone.ActiveCfg = Debug|x86
		{E466DB7E-84AB-4203-9CA6-6CA65816699B}.Debug|iPhoneSimulator.ActiveCfg = Debug|x86
		{E466DB7E-84AB-4203-9CA6-6CA65816699B}.Debug|x64.ActiveCfg = Debug|x64
		{E466DB7E-84AB-4203-9CA6-6CA65816699B}.Debug|x64.Build.0 = Debug|x64
		{E466DB7E-84AB-4203-9CA6-6CA65816699B}.Debug|x64.Deploy.0 = Debug|x64
		{E466DB7E-84AB-4203-9CA6-6CA65816699B}.Debug|x86.ActiveCfg = Debug|x86
		{E466DB7E-84AB-4203-9CA6-6CA65816699B}.Debug|x86.Build.0 = Debug|x86
		{E466DB7E-84AB-4203-9CA6-6CA65816699B}.Debug|x86.Deploy.0 = Debug|x86
		{E466DB7E-84AB-4203-9CA6-6CA65816699B}.Release|Any CPU.ActiveCfg = Release|x86
		{E466DB7E-84AB-4203-9CA6-6CA65816699B}.Release|ARM.ActiveCfg = Release|ARM
		{E466DB7E-84AB-4203-9CA6-6CA65816699B}.Release|ARM.Build.0 = Release|ARM
		{E466DB7E-84AB-4203-9CA6-6CA65816699B}.Release|ARM.Deploy.0 = Release|ARM
		{E466DB7E-84AB-4203-9CA6-6CA65816699B}.Release|iPhone.ActiveCfg = Release|x86
		{E466DB7E-84AB-4203-9CA6-6CA65816699B}.Release|iPhoneSimulator.ActiveCfg = Release|x86
		{E466DB7E-84AB-4203-9CA6-6CA65816699B}.Release|x64.ActiveCfg = Release|x64
		{E466DB7E-84AB-4203-9CA6-6CA65816699B}.Release|x64.Build.0 = Release|x64
		{E466DB7E-84AB-4203-9CA6-6CA65816699B}.Release|x64.Deploy.0 = Release|x64
		{E466DB7E-84AB-4203-9CA6-6CA65816699B}.Release|x86.ActiveCfg = Release|x86
		{E466DB7E-84AB-4203-9CA6-6CA65816699B}.Release|x86.Build.0 = Release|x86
		{E466DB7E-84AB-4203-9CA6-6CA65816699B}.Release|x86.Deploy.0 = Release|x86
		{F74530A5-ADD9-4E3C-A26D-DCBF9A18DA27}.Ad-Hoc|Any CPU.ActiveCfg = Release|Any CPU
		{F74530A5-ADD9-4E3C-A26D-DCBF9A18DA27}.Ad-Hoc|Any CPU.Build.0 = Release|Any CPU
		{F74530A5-ADD9-4E3C-A26D-DCBF9A18DA27}.Ad-Hoc|Any CPU.Deploy.0 = Release|Any CPU
		{F74530A5-ADD9-4E3C-A26D-DCBF9A18DA27}.Ad-Hoc|ARM.ActiveCfg = Release|ARM
		{F74530A5-ADD9-4E3C-A26D-DCBF9A18DA27}.Ad-Hoc|ARM.Build.0 = Release|ARM
		{F74530A5-ADD9-4E3C-A26D-DCBF9A18DA27}.Ad-Hoc|ARM.Deploy.0 = Release|ARM
		{F74530A5-ADD9-4E3C-A26D-DCBF9A18DA27}.Ad-Hoc|iPhone.ActiveCfg = Release|Any CPU
		{F74530A5-ADD9-4E3C-A26D-DCBF9A18DA27}.Ad-Hoc|iPhone.Build.0 = Release|Any CPU
		{F74530A5-ADD9-4E3C-A26D-DCBF9A18DA27}.Ad-Hoc|iPhone.Deploy.0 = Release|Any CPU
		{F74530A5-ADD9-4E3C-A26D-DCBF9A18DA27}.Ad-Hoc|iPhoneSimulator.ActiveCfg = Release|Any CPU
		{F74530A5-ADD9-4E3C-A26D-DCBF9A18DA27}.Ad-Hoc|iPhoneSimulator.Build.0 = Release|Any CPU
		{F74530A5-ADD9-4E3C-A26D-DCBF9A18DA27}.Ad-Hoc|iPhoneSimulator.Deploy.0 = Release|Any CPU
		{F74530A5-ADD9-4E3C-A26D-DCBF9A18DA27}.Ad-Hoc|x64.ActiveCfg = Release|x64
		{F74530A5-ADD9-4E3C-A26D-DCBF9A18DA27}.Ad-Hoc|x64.Build.0 = Release|x64
		{F74530A5-ADD9-4E3C-A26D-DCBF9A18DA27}.Ad-Hoc|x64.Deploy.0 = Release|x64
		{F74530A5-ADD9-4E3C-A26D-DCBF9A18DA27}.Ad-Hoc|x86.ActiveCfg = Release|x86
		{F74530A5-ADD9-4E3C-A26D-DCBF9A18DA27}.Ad-Hoc|x86.Build.0 = Release|x86
		{F74530A5-ADD9-4E3C-A26D-DCBF9A18DA27}.Ad-Hoc|x86.Deploy.0 = Release|x86
		{F74530A5-ADD9-4E3C-A26D-DCBF9A18DA27}.AppStore|Any CPU.ActiveCfg = Release|Any CPU
		{F74530A5-ADD9-4E3C-A26D-DCBF9A18DA27}.AppStore|Any CPU.Build.0 = Release|Any CPU
		{F74530A5-ADD9-4E3C-A26D-DCBF9A18DA27}.AppStore|Any CPU.Deploy.0 = Release|Any CPU
		{F74530A5-ADD9-4E3C-A26D-DCBF9A18DA27}.AppStore|ARM.ActiveCfg = Release|ARM
		{F74530A5-ADD9-4E3C-A26D-DCBF9A18DA27}.AppStore|ARM.Build.0 = Release|ARM
		{F74530A5-ADD9-4E3C-A26D-DCBF9A18DA27}.AppStore|ARM.Deploy.0 = Release|ARM
		{F74530A5-ADD9-4E3C-A26D-DCBF9A18DA27}.AppStore|iPhone.ActiveCfg = Release|Any CPU
		{F74530A5-ADD9-4E3C-A26D-DCBF9A18DA27}.AppStore|iPhone.Build.0 = Release|Any CPU
		{F74530A5-ADD9-4E3C-A26D-DCBF9A18DA27}.AppStore|iPhone.Deploy.0 = Release|Any CPU
		{F74530A5-ADD9-4E3C-A26D-DCBF9A18DA27}.AppStore|iPhoneSimulator.ActiveCfg = Release|Any CPU
		{F74530A5-ADD9-4E3C-A26D-DCBF9A18DA27}.AppStore|iPhoneSimulator.Build.0 = Release|Any CPU
		{F74530A5-ADD9-4E3C-A26D-DCBF9A18DA27}.AppStore|iPhoneSimulator.Deploy.0 = Release|Any CPU
		{F74530A5-ADD9-4E3C-A26D-DCBF9A18DA27}.AppStore|x64.ActiveCfg = Release|x64
		{F74530A5-ADD9-4E3C-A26D-DCBF9A18DA27}.AppStore|x64.Build.0 = Release|x64
		{F74530A5-ADD9-4E3C-A26D-DCBF9A18DA27}.AppStore|x64.Deploy.0 = Release|x64
		{F74530A5-ADD9-4E3C-A26D-DCBF9A18DA27}.AppStore|x86.ActiveCfg = Release|x86
		{F74530A5-ADD9-4E3C-A26D-DCBF9A18DA27}.AppStore|x86.Build.0 = Release|x86
		{F74530A5-ADD9-4E3C-A26D-DCBF9A18DA27}.AppStore|x86.Deploy.0 = Release|x86
		{F74530A5-ADD9-4E3C-A26D-DCBF9A18DA27}.Debug|Any CPU.ActiveCfg = Debug|Any CPU
		{F74530A5-ADD9-4E3C-A26D-DCBF9A18DA27}.Debug|Any CPU.Build.0 = Debug|Any CPU
		{F74530A5-ADD9-4E3C-A26D-DCBF9A18DA27}.Debug|Any CPU.Deploy.0 = Debug|Any CPU
		{F74530A5-ADD9-4E3C-A26D-DCBF9A18DA27}.Debug|ARM.ActiveCfg = Debug|ARM
		{F74530A5-ADD9-4E3C-A26D-DCBF9A18DA27}.Debug|ARM.Build.0 = Debug|ARM
		{F74530A5-ADD9-4E3C-A26D-DCBF9A18DA27}.Debug|ARM.Deploy.0 = Debug|ARM
		{F74530A5-ADD9-4E3C-A26D-DCBF9A18DA27}.Debug|iPhone.ActiveCfg = Debug|Any CPU
		{F74530A5-ADD9-4E3C-A26D-DCBF9A18DA27}.Debug|iPhone.Build.0 = Debug|Any CPU
		{F74530A5-ADD9-4E3C-A26D-DCBF9A18DA27}.Debug|iPhone.Deploy.0 = Debug|Any CPU
		{F74530A5-ADD9-4E3C-A26D-DCBF9A18DA27}.Debug|iPhoneSimulator.ActiveCfg = Debug|Any CPU
		{F74530A5-ADD9-4E3C-A26D-DCBF9A18DA27}.Debug|iPhoneSimulator.Build.0 = Debug|Any CPU
		{F74530A5-ADD9-4E3C-A26D-DCBF9A18DA27}.Debug|iPhoneSimulator.Deploy.0 = Debug|Any CPU
		{F74530A5-ADD9-4E3C-A26D-DCBF9A18DA27}.Debug|x64.ActiveCfg = Debug|x64
		{F74530A5-ADD9-4E3C-A26D-DCBF9A18DA27}.Debug|x64.Build.0 = Debug|x64
		{F74530A5-ADD9-4E3C-A26D-DCBF9A18DA27}.Debug|x64.Deploy.0 = Debug|x64
		{F74530A5-ADD9-4E3C-A26D-DCBF9A18DA27}.Debug|x86.ActiveCfg = Debug|x86
		{F74530A5-ADD9-4E3C-A26D-DCBF9A18DA27}.Debug|x86.Build.0 = Debug|x86
		{F74530A5-ADD9-4E3C-A26D-DCBF9A18DA27}.Debug|x86.Deploy.0 = Debug|x86
		{F74530A5-ADD9-4E3C-A26D-DCBF9A18DA27}.Release|Any CPU.ActiveCfg = Release|Any CPU
		{F74530A5-ADD9-4E3C-A26D-DCBF9A18DA27}.Release|Any CPU.Build.0 = Release|Any CPU
		{F74530A5-ADD9-4E3C-A26D-DCBF9A18DA27}.Release|Any CPU.Deploy.0 = Release|Any CPU
		{F74530A5-ADD9-4E3C-A26D-DCBF9A18DA27}.Release|ARM.ActiveCfg = Release|ARM
		{F74530A5-ADD9-4E3C-A26D-DCBF9A18DA27}.Release|ARM.Build.0 = Release|ARM
		{F74530A5-ADD9-4E3C-A26D-DCBF9A18DA27}.Release|ARM.Deploy.0 = Release|ARM
		{F74530A5-ADD9-4E3C-A26D-DCBF9A18DA27}.Release|iPhone.ActiveCfg = Release|Any CPU
		{F74530A5-ADD9-4E3C-A26D-DCBF9A18DA27}.Release|iPhone.Build.0 = Release|Any CPU
		{F74530A5-ADD9-4E3C-A26D-DCBF9A18DA27}.Release|iPhone.Deploy.0 = Release|Any CPU
		{F74530A5-ADD9-4E3C-A26D-DCBF9A18DA27}.Release|iPhoneSimulator.ActiveCfg = Release|Any CPU
		{F74530A5-ADD9-4E3C-A26D-DCBF9A18DA27}.Release|iPhoneSimulator.Build.0 = Release|Any CPU
		{F74530A5-ADD9-4E3C-A26D-DCBF9A18DA27}.Release|iPhoneSimulator.Deploy.0 = Release|Any CPU
		{F74530A5-ADD9-4E3C-A26D-DCBF9A18DA27}.Release|x64.ActiveCfg = Release|x64
		{F74530A5-ADD9-4E3C-A26D-DCBF9A18DA27}.Release|x64.Build.0 = Release|x64
		{F74530A5-ADD9-4E3C-A26D-DCBF9A18DA27}.Release|x64.Deploy.0 = Release|x64
		{F74530A5-ADD9-4E3C-A26D-DCBF9A18DA27}.Release|x86.ActiveCfg = Release|x86
		{F74530A5-ADD9-4E3C-A26D-DCBF9A18DA27}.Release|x86.Build.0 = Release|x86
		{F74530A5-ADD9-4E3C-A26D-DCBF9A18DA27}.Release|x86.Deploy.0 = Release|x86
	EndGlobalSection
	GlobalSection(SolutionProperties) = preSolution
		HideSolutionNode = FALSE
	EndGlobalSection
EndGlobal
